// !$*UTF8*$!
{
	archiveVersion = 1;
	classes = {
	};
	objectVersion = 50;
	objects = {

/* Begin PBXBuildFile section */
		7D9FC41F25DA03F600DD79E7 /* AppDelegate.swift in Sources */ = {isa = PBXBuildFile; fileRef = 7D9FC41E25DA03F600DD79E7 /* AppDelegate.swift */; };
		7D9FC42125DA03F600DD79E7 /* SceneDelegate.swift in Sources */ = {isa = PBXBuildFile; fileRef = 7D9FC42025DA03F600DD79E7 /* SceneDelegate.swift */; };
		7D9FC42325DA03F600DD79E7 /* ViewController.swift in Sources */ = {isa = PBXBuildFile; fileRef = 7D9FC42225DA03F600DD79E7 /* ViewController.swift */; };
		7D9FC42625DA03F600DD79E7 /* Main.storyboard in Resources */ = {isa = PBXBuildFile; fileRef = 7D9FC42425DA03F600DD79E7 /* Main.storyboard */; };
		7D9FC42825DA03F800DD79E7 /* Assets.xcassets in Resources */ = {isa = PBXBuildFile; fileRef = 7D9FC42725DA03F800DD79E7 /* Assets.xcassets */; };
		7D9FC42B25DA03F800DD79E7 /* LaunchScreen.storyboard in Resources */ = {isa = PBXBuildFile; fileRef = 7D9FC42925DA03F800DD79E7 /* LaunchScreen.storyboard */; };
		7D9FC43625DA03F800DD79E7 /* AppBuildOneRedoTests.swift in Sources */ = {isa = PBXBuildFile; fileRef = 7D9FC43525DA03F800DD79E7 /* AppBuildOneRedoTests.swift */; };
		7D9FC44125DA03F800DD79E7 /* AppBuildOneRedoUITests.swift in Sources */ = {isa = PBXBuildFile; fileRef = 7D9FC44025DA03F800DD79E7 /* AppBuildOneRedoUITests.swift */; };
		7D9FC45225DA563D00DD79E7 /* secondViewController.swift in Sources */ = {isa = PBXBuildFile; fileRef = 7D9FC45125DA563D00DD79E7 /* secondViewController.swift */; };
/* End PBXBuildFile section */

/* Begin PBXContainerItemProxy section */
		7D9FC43225DA03F800DD79E7 /* PBXContainerItemProxy */ = {
			isa = PBXContainerItemProxy;
			containerPortal = 7D9FC41325DA03F600DD79E7 /* Project object */;
			proxyType = 1;
			remoteGlobalIDString = 7D9FC41A25DA03F600DD79E7;
			remoteInfo = AppBuildOneRedo;
		};
		7D9FC43D25DA03F800DD79E7 /* PBXContainerItemProxy */ = {
			isa = PBXContainerItemProxy;
			containerPortal = 7D9FC41325DA03F600DD79E7 /* Project object */;
			proxyType = 1;
			remoteGlobalIDString = 7D9FC41A25DA03F600DD79E7;
			remoteInfo = AppBuildOneRedo;
		};
/* End PBXContainerItemProxy section */

/* Begin PBXFileReference section */
		7D9FC41B25DA03F600DD79E7 /* AppBuildOneRedo.app */ = {isa = PBXFileReference; explicitFileType = wrapper.application; includeInIndex = 0; path = AppBuildOneRedo.app; sourceTree = BUILT_PRODUCTS_DIR; };
		7D9FC41E25DA03F600DD79E7 /* AppDelegate.swift */ = {isa = PBXFileReference; lastKnownFileType = sourcecode.swift; path = AppDelegate.swift; sourceTree = "<group>"; };
		7D9FC42025DA03F600DD79E7 /* SceneDelegate.swift */ = {isa = PBXFileReference; lastKnownFileType = sourcecode.swift; path = SceneDelegate.swift; sourceTree = "<group>"; };
		7D9FC42225DA03F600DD79E7 /* ViewController.swift */ = {isa = PBXFileReference; lastKnownFileType = sourcecode.swift; path = ViewController.swift; sourceTree = "<group>"; };
		7D9FC42525DA03F600DD79E7 /* Base */ = {isa = PBXFileReference; lastKnownFileType = file.storyboard; name = Base; path = Base.lproj/Main.storyboard; sourceTree = "<group>"; };
		7D9FC42725DA03F800DD79E7 /* Assets.xcassets */ = {isa = PBXFileReference; lastKnownFileType = folder.assetcatalog; path = Assets.xcassets; sourceTree = "<group>"; };
		7D9FC42A25DA03F800DD79E7 /* Base */ = {isa = PBXFileReference; lastKnownFileType = file.storyboard; name = Base; path = Base.lproj/LaunchScreen.storyboard; sourceTree = "<group>"; };
		7D9FC42C25DA03F800DD79E7 /* Info.plist */ = {isa = PBXFileReference; lastKnownFileType = text.plist.xml; path = Info.plist; sourceTree = "<group>"; };
		7D9FC43125DA03F800DD79E7 /* AppBuildOneRedoTests.xctest */ = {isa = PBXFileReference; explicitFileType = wrapper.cfbundle; includeInIndex = 0; path = AppBuildOneRedoTests.xctest; sourceTree = BUILT_PRODUCTS_DIR; };
		7D9FC43525DA03F800DD79E7 /* AppBuildOneRedoTests.swift */ = {isa = PBXFileReference; lastKnownFileType = sourcecode.swift; path = AppBuildOneRedoTests.swift; sourceTree = "<group>"; };
		7D9FC43725DA03F800DD79E7 /* Info.plist */ = {isa = PBXFileReference; lastKnownFileType = text.plist.xml; path = Info.plist; sourceTree = "<group>"; };
		7D9FC43C25DA03F800DD79E7 /* AppBuildOneRedoUITests.xctest */ = {isa = PBXFileReference; explicitFileType = wrapper.cfbundle; includeInIndex = 0; path = AppBuildOneRedoUITests.xctest; sourceTree = BUILT_PRODUCTS_DIR; };
		7D9FC44025DA03F800DD79E7 /* AppBuildOneRedoUITests.swift */ = {isa = PBXFileReference; lastKnownFileType = sourcecode.swift; path = AppBuildOneRedoUITests.swift; sourceTree = "<group>"; };
		7D9FC44225DA03F800DD79E7 /* Info.plist */ = {isa = PBXFileReference; lastKnownFileType = text.plist.xml; path = Info.plist; sourceTree = "<group>"; };
		7D9FC45125DA563D00DD79E7 /* secondViewController.swift */ = {isa = PBXFileReference; lastKnownFileType = sourcecode.swift; path = secondViewController.swift; sourceTree = "<group>"; };
/* End PBXFileReference section */

/* Begin PBXFrameworksBuildPhase section */
		7D9FC41825DA03F600DD79E7 /* Frameworks */ = {
			isa = PBXFrameworksBuildPhase;
			buildActionMask = 2147483647;
			files = (
			);
			runOnlyForDeploymentPostprocessing = 0;
		};
		7D9FC42E25DA03F800DD79E7 /* Frameworks */ = {
			isa = PBXFrameworksBuildPhase;
			buildActionMask = 2147483647;
			files = (
			);
			runOnlyForDeploymentPostprocessing = 0;
		};
		7D9FC43925DA03F800DD79E7 /* Frameworks */ = {
			isa = PBXFrameworksBuildPhase;
			buildActionMask = 2147483647;
			files = (
			);
			runOnlyForDeploymentPostprocessing = 0;
		};
/* End PBXFrameworksBuildPhase section */

/* Begin PBXGroup section */
		7D9FC41225DA03F600DD79E7 = {
			isa = PBXGroup;
			children = (
				7D9FC41D25DA03F600DD79E7 /* AppBuildOneRedo */,
				7D9FC43425DA03F800DD79E7 /* AppBuildOneRedoTests */,
				7D9FC43F25DA03F800DD79E7 /* AppBuildOneRedoUITests */,
				7D9FC41C25DA03F600DD79E7 /* Products */,
			);
			sourceTree = "<group>";
		};
		7D9FC41C25DA03F600DD79E7 /* Products */ = {
			isa = PBXGroup;
			children = (
				7D9FC41B25DA03F600DD79E7 /* AppBuildOneRedo.app */,
				7D9FC43125DA03F800DD79E7 /* AppBuildOneRedoTests.xctest */,
				7D9FC43C25DA03F800DD79E7 /* AppBuildOneRedoUITests.xctest */,
			);
			name = Products;
			sourceTree = "<group>";
		};
		7D9FC41D25DA03F600DD79E7 /* AppBuildOneRedo */ = {
			isa = PBXGroup;
			children = (
				7D9FC41E25DA03F600DD79E7 /* AppDelegate.swift */,
				7D9FC42025DA03F600DD79E7 /* SceneDelegate.swift */,
				7D9FC42225DA03F600DD79E7 /* ViewController.swift */,
				7D9FC42425DA03F600DD79E7 /* Main.storyboard */,
				7D9FC45125DA563D00DD79E7 /* secondViewController.swift */,
				7D9FC42725DA03F800DD79E7 /* Assets.xcassets */,
				7D9FC42925DA03F800DD79E7 /* LaunchScreen.storyboard */,
				7D9FC42C25DA03F800DD79E7 /* Info.plist */,
			);
			path = AppBuildOneRedo;
			sourceTree = "<group>";
		};
		7D9FC43425DA03F800DD79E7 /* AppBuildOneRedoTests */ = {
			isa = PBXGroup;
			children = (
				7D9FC43525DA03F800DD79E7 /* AppBuildOneRedoTests.swift */,
				7D9FC43725DA03F800DD79E7 /* Info.plist */,
			);
			path = AppBuildOneRedoTests;
			sourceTree = "<group>";
		};
		7D9FC43F25DA03F800DD79E7 /* AppBuildOneRedoUITests */ = {
			isa = PBXGroup;
			children = (
				7D9FC44025DA03F800DD79E7 /* AppBuildOneRedoUITests.swift */,
				7D9FC44225DA03F800DD79E7 /* Info.plist */,
			);
			path = AppBuildOneRedoUITests;
			sourceTree = "<group>";
		};
/* End PBXGroup section */

/* Begin PBXNativeTarget section */
		7D9FC41A25DA03F600DD79E7 /* AppBuildOneRedo */ = {
			isa = PBXNativeTarget;
			buildConfigurationList = 7D9FC44525DA03F800DD79E7 /* Build configuration list for PBXNativeTarget "AppBuildOneRedo" */;
			buildPhases = (
				7D9FC41725DA03F600DD79E7 /* Sources */,
				7D9FC41825DA03F600DD79E7 /* Frameworks */,
				7D9FC41925DA03F600DD79E7 /* Resources */,
			);
			buildRules = (
			);
			dependencies = (
			);
			name = AppBuildOneRedo;
			productName = AppBuildOneRedo;
			productReference = 7D9FC41B25DA03F600DD79E7 /* AppBuildOneRedo.app */;
			productType = "com.apple.product-type.application";
		};
		7D9FC43025DA03F800DD79E7 /* AppBuildOneRedoTests */ = {
			isa = PBXNativeTarget;
			buildConfigurationList = 7D9FC44825DA03F800DD79E7 /* Build configuration list for PBXNativeTarget "AppBuildOneRedoTests" */;
			buildPhases = (
				7D9FC42D25DA03F800DD79E7 /* Sources */,
				7D9FC42E25DA03F800DD79E7 /* Frameworks */,
				7D9FC42F25DA03F800DD79E7 /* Resources */,
			);
			buildRules = (
			);
			dependencies = (
				7D9FC43325DA03F800DD79E7 /* PBXTargetDependency */,
			);
			name = AppBuildOneRedoTests;
			productName = AppBuildOneRedoTests;
			productReference = 7D9FC43125DA03F800DD79E7 /* AppBuildOneRedoTests.xctest */;
			productType = "com.apple.product-type.bundle.unit-test";
		};
		7D9FC43B25DA03F800DD79E7 /* AppBuildOneRedoUITests */ = {
			isa = PBXNativeTarget;
			buildConfigurationList = 7D9FC44B25DA03F800DD79E7 /* Build configuration list for PBXNativeTarget "AppBuildOneRedoUITests" */;
			buildPhases = (
				7D9FC43825DA03F800DD79E7 /* Sources */,
				7D9FC43925DA03F800DD79E7 /* Frameworks */,
				7D9FC43A25DA03F800DD79E7 /* Resources */,
			);
			buildRules = (
			);
			dependencies = (
				7D9FC43E25DA03F800DD79E7 /* PBXTargetDependency */,
			);
			name = AppBuildOneRedoUITests;
			productName = AppBuildOneRedoUITests;
			productReference = 7D9FC43C25DA03F800DD79E7 /* AppBuildOneRedoUITests.xctest */;
			productType = "com.apple.product-type.bundle.ui-testing";
		};
/* End PBXNativeTarget section */

/* Begin PBXProject section */
		7D9FC41325DA03F600DD79E7 /* Project object */ = {
			isa = PBXProject;
			attributes = {
				LastSwiftUpdateCheck = 1240;
				LastUpgradeCheck = 1240;
				TargetAttributes = {
					7D9FC41A25DA03F600DD79E7 = {
						CreatedOnToolsVersion = 12.4;
					};
					7D9FC43025DA03F800DD79E7 = {
						CreatedOnToolsVersion = 12.4;
						TestTargetID = 7D9FC41A25DA03F600DD79E7;
					};
					7D9FC43B25DA03F800DD79E7 = {
						CreatedOnToolsVersion = 12.4;
						TestTargetID = 7D9FC41A25DA03F600DD79E7;
					};
				};
			};
			buildConfigurationList = 7D9FC41625DA03F600DD79E7 /* Build configuration list for PBXProject "AppBuildOneRedo" */;
			compatibilityVersion = "Xcode 9.3";
			developmentRegion = en;
			hasScannedForEncodings = 0;
			knownRegions = (
				en,
				Base,
			);
			mainGroup = 7D9FC41225DA03F600DD79E7;
			productRefGroup = 7D9FC41C25DA03F600DD79E7 /* Products */;
			projectDirPath = "";
			projectRoot = "";
			targets = (
				7D9FC41A25DA03F600DD79E7 /* AppBuildOneRedo */,
				7D9FC43025DA03F800DD79E7 /* AppBuildOneRedoTests */,
				7D9FC43B25DA03F800DD79E7 /* AppBuildOneRedoUITests */,
			);
		};
/* End PBXProject section */

/* Begin PBXResourcesBuildPhase section */
		7D9FC41925DA03F600DD79E7 /* Resources */ = {
			isa = PBXResourcesBuildPhase;
			buildActionMask = 2147483647;
			files = (
				7D9FC42B25DA03F800DD79E7 /* LaunchScreen.storyboard in Resources */,
				7D9FC42825DA03F800DD79E7 /* Assets.xcassets in Resources */,
				7D9FC42625DA03F600DD79E7 /* Main.storyboard in Resources */,
			);
			runOnlyForDeploymentPostprocessing = 0;
		};
		7D9FC42F25DA03F800DD79E7 /* Resources */ = {
			isa = PBXResourcesBuildPhase;
			buildActionMask = 2147483647;
			files = (
			);
			runOnlyForDeploymentPostprocessing = 0;
		};
		7D9FC43A25DA03F800DD79E7 /* Resources */ = {
			isa = PBXResourcesBuildPhase;
			buildActionMask = 2147483647;
			files = (
			);
			runOnlyForDeploymentPostprocessing = 0;
		};
/* End PBXResourcesBuildPhase section */

/* Begin PBXSourcesBuildPhase section */
		7D9FC41725DA03F600DD79E7 /* Sources */ = {
			isa = PBXSourcesBuildPhase;
			buildActionMask = 2147483647;
			files = (
				7D9FC45225DA563D00DD79E7 /* secondViewController.swift in Sources */,
				7D9FC42325DA03F600DD79E7 /* ViewController.swift in Sources */,
				7D9FC41F25DA03F600DD79E7 /* AppDelegate.swift in Sources */,
				7D9FC42125DA03F600DD79E7 /* SceneDelegate.swift in Sources */,
			);
			runOnlyForDeploymentPostprocessing = 0;
		};
		7D9FC42D25DA03F800DD79E7 /* Sources */ = {
			isa = PBXSourcesBuildPhase;
			buildActionMask = 2147483647;
			files = (
				7D9FC43625DA03F800DD79E7 /* AppBuildOneRedoTests.swift in Sources */,
			);
			runOnlyForDeploymentPostprocessing = 0;
		};
		7D9FC43825DA03F800DD79E7 /* Sources */ = {
			isa = PBXSourcesBuildPhase;
			buildActionMask = 2147483647;
			files = (
				7D9FC44125DA03F800DD79E7 /* AppBuildOneRedoUITests.swift in Sources */,
			);
			runOnlyForDeploymentPostprocessing = 0;
		};
/* End PBXSourcesBuildPhase section */

/* Begin PBXTargetDependency section */
		7D9FC43325DA03F800DD79E7 /* PBXTargetDependency */ = {
			isa = PBXTargetDependency;
			target = 7D9FC41A25DA03F600DD79E7 /* AppBuildOneRedo */;
			targetProxy = 7D9FC43225DA03F800DD79E7 /* PBXContainerItemProxy */;
		};
		7D9FC43E25DA03F800DD79E7 /* PBXTargetDependency */ = {
			isa = PBXTargetDependency;
			target = 7D9FC41A25DA03F600DD79E7 /* AppBuildOneRedo */;
			targetProxy = 7D9FC43D25DA03F800DD79E7 /* PBXContainerItemProxy */;
		};
/* End PBXTargetDependency section */

/* Begin PBXVariantGroup section */
		7D9FC42425DA03F600DD79E7 /* Main.storyboard */ = {
			isa = PBXVariantGroup;
			children = (
				7D9FC42525DA03F600DD79E7 /* Base */,
			);
			name = Main.storyboard;
			sourceTree = "<group>";
		};
		7D9FC42925DA03F800DD79E7 /* LaunchScreen.storyboard */ = {
			isa = PBXVariantGroup;
			children = (
				7D9FC42A25DA03F800DD79E7 /* Base */,
			);
			name = LaunchScreen.storyboard;
			sourceTree = "<group>";
		};
/* End PBXVariantGroup section */

/* Begin XCBuildConfiguration section */
		7D9FC44325DA03F800DD79E7 /* Debug */ = {
			isa = XCBuildConfiguration;
			buildSettings = {
				ALWAYS_SEARCH_USER_PATHS = NO;
				CLANG_ANALYZER_NONNULL = YES;
				CLANG_ANALYZER_NUMBER_OBJECT_CONVERSION = YES_AGGRESSIVE;
				CLANG_CXX_LANGUAGE_STANDARD = "gnu++14";
				CLANG_CXX_LIBRARY = "libc++";
				CLANG_ENABLE_MODULES = YES;
				CLANG_ENABLE_OBJC_ARC = YES;
				CLANG_ENABLE_OBJC_WEAK = YES;
				CLANG_WARN_BLOCK_CAPTURE_AUTORELEASING = YES;
				CLANG_WARN_BOOL_CONVERSION = YES;
				CLANG_WARN_COMMA = YES;
				CLANG_WARN_CONSTANT_CONVERSION = YES;
				CLANG_WARN_DEPRECATED_OBJC_IMPLEMENTATIONS = YES;
				CLANG_WARN_DIRECT_OBJC_ISA_USAGE = YES_ERROR;
				CLANG_WARN_DOCUMENTATION_COMMENTS = YES;
				CLANG_WARN_EMPTY_BODY = YES;
				CLANG_WARN_ENUM_CONVERSION = YES;
				CLANG_WARN_INFINITE_RECURSION = YES;
				CLANG_WARN_INT_CONVERSION = YES;
				CLANG_WARN_NON_LITERAL_NULL_CONVERSION = YES;
				CLANG_WARN_OBJC_IMPLICIT_RETAIN_SELF = YES;
				CLANG_WARN_OBJC_LITERAL_CONVERSION = YES;
				CLANG_WARN_OBJC_ROOT_CLASS = YES_ERROR;
				CLANG_WARN_QUOTED_INCLUDE_IN_FRAMEWORK_HEADER = YES;
				CLANG_WARN_RANGE_LOOP_ANALYSIS = YES;
				CLANG_WARN_STRICT_PROTOTYPES = YES;
				CLANG_WARN_SUSPICIOUS_MOVE = YES;
				CLANG_WARN_UNGUARDED_AVAILABILITY = YES_AGGRESSIVE;
				CLANG_WARN_UNREACHABLE_CODE = YES;
				CLANG_WARN__DUPLICATE_METHOD_MATCH = YES;
				COPY_PHASE_STRIP = NO;
				DEBUG_INFORMATION_FORMAT = dwarf;
				ENABLE_STRICT_OBJC_MSGSEND = YES;
				ENABLE_TESTABILITY = YES;
				GCC_C_LANGUAGE_STANDARD = gnu11;
				GCC_DYNAMIC_NO_PIC = NO;
				GCC_NO_COMMON_BLOCKS = YES;
				GCC_OPTIMIZATION_LEVEL = 0;
				GCC_PREPROCESSOR_DEFINITIONS = (
					"DEBUG=1",
					"$(inherited)",
				);
				GCC_WARN_64_TO_32_BIT_CONVERSION = YES;
				GCC_WARN_ABOUT_RETURN_TYPE = YES_ERROR;
				GCC_WARN_UNDECLARED_SELECTOR = YES;
				GCC_WARN_UNINITIALIZED_AUTOS = YES_AGGRESSIVE;
				GCC_WARN_UNUSED_FUNCTION = YES;
				GCC_WARN_UNUSED_VARIABLE = YES;
				IPHONEOS_DEPLOYMENT_TARGET = 14.4;
				MTL_ENABLE_DEBUG_INFO = INCLUDE_SOURCE;
				MTL_FAST_MATH = YES;
				ONLY_ACTIVE_ARCH = YES;
				SDKROOT = iphoneos;
				SWIFT_ACTIVE_COMPILATION_CONDITIONS = DEBUG;
				SWIFT_OPTIMIZATION_LEVEL = "-Onone";
			};
			name = Debug;
		};
		7D9FC44425DA03F800DD79E7 /* Release */ = {
			isa = XCBuildConfiguration;
			buildSettings = {
				ALWAYS_SEARCH_USER_PATHS = NO;
				CLANG_ANALYZER_NONNULL = YES;
				CLANG_ANALYZER_NUMBER_OBJECT_CONVERSION = YES_AGGRESSIVE;
				CLANG_CXX_LANGUAGE_STANDARD = "gnu++14";
				CLANG_CXX_LIBRARY = "libc++";
				CLANG_ENABLE_MODULES = YES;
				CLANG_ENABLE_OBJC_ARC = YES;
				CLANG_ENABLE_OBJC_WEAK = YES;
				CLANG_WARN_BLOCK_CAPTURE_AUTORELEASING = YES;
				CLANG_WARN_BOOL_CONVERSION = YES;
				CLANG_WARN_COMMA = YES;
				CLANG_WARN_CONSTANT_CONVERSION = YES;
				CLANG_WARN_DEPRECATED_OBJC_IMPLEMENTATIONS = YES;
				CLANG_WARN_DIRECT_OBJC_ISA_USAGE = YES_ERROR;
				CLANG_WARN_DOCUMENTATION_COMMENTS = YES;
				CLANG_WARN_EMPTY_BODY = YES;
				CLANG_WARN_ENUM_CONVERSION = YES;
				CLANG_WARN_INFINITE_RECURSION = YES;
				CLANG_WARN_INT_CONVERSION = YES;
				CLANG_WARN_NON_LITERAL_NULL_CONVERSION = YES;
				CLANG_WARN_OBJC_IMPLICIT_RETAIN_SELF = YES;
				CLANG_WARN_OBJC_LITERAL_CONVERSION = YES;
				CLANG_WARN_OBJC_ROOT_CLASS = YES_ERROR;
				CLANG_WARN_QUOTED_INCLUDE_IN_FRAMEWORK_HEADER = YES;
				CLANG_WARN_RANGE_LOOP_ANALYSIS = YES;
				CLANG_WARN_STRICT_PROTOTYPES = YES;
				CLANG_WARN_SUSPICIOUS_MOVE = YES;
				CLANG_WARN_UNGUARDED_AVAILABILITY = YES_AGGRESSIVE;
				CLANG_WARN_UNREACHABLE_CODE = YES;
				CLANG_WARN__DUPLICATE_METHOD_MATCH = YES;
				COPY_PHASE_STRIP = NO;
				DEBUG_INFORMATION_FORMAT = "dwarf-with-dsym";
				ENABLE_NS_ASSERTIONS = NO;
				ENABLE_STRICT_OBJC_MSGSEND = YES;
				GCC_C_LANGUAGE_STANDARD = gnu11;
				GCC_NO_COMMON_BLOCKS = YES;
				GCC_WARN_64_TO_32_BIT_CONVERSION = YES;
				GCC_WARN_ABOUT_RETURN_TYPE = YES_ERROR;
				GCC_WARN_UNDECLARED_SELECTOR = YES;
				GCC_WARN_UNINITIALIZED_AUTOS = YES_AGGRESSIVE;
				GCC_WARN_UNUSED_FUNCTION = YES;
				GCC_WARN_UNUSED_VARIABLE = YES;
				IPHONEOS_DEPLOYMENT_TARGET = 14.4;
				MTL_ENABLE_DEBUG_INFO = NO;
				MTL_FAST_MATH = YES;
				SDKROOT = iphoneos;
				SWIFT_COMPILATION_MODE = wholemodule;
				SWIFT_OPTIMIZATION_LEVEL = "-O";
				VALIDATE_PRODUCT = YES;
			};
			name = Release;
		};
		7D9FC44625DA03F800DD79E7 /* Debug */ = {
			isa = XCBuildConfiguration;
			buildSettings = {
				ASSETCATALOG_COMPILER_APPICON_NAME = AppIcon;
				ASSETCATALOG_COMPILER_GLOBAL_ACCENT_COLOR_NAME = AccentColor;
				CODE_SIGN_STYLE = Automatic;
				DEVELOPMENT_TEAM = HHBB8RSDC3;
				INFOPLIST_FILE = AppBuildOneRedo/Info.plist;
				LD_RUNPATH_SEARCH_PATHS = (
					"$(inherited)",
					"@executable_path/Frameworks",
				);
				PRODUCT_BUNDLE_IDENTIFIER = uhwo.AppBuildOneRedo;
				PRODUCT_NAME = "$(TARGET_NAME)";
				SWIFT_VERSION = 5.0;
				TARGETED_DEVICE_FAMILY = "1,2";
			};
			name = Debug;
		};
		7D9FC44725DA03F800DD79E7 /* Release */ = {
			isa = XCBuildConfiguration;
			buildSettings = {
				ASSETCATALOG_COMPILER_APPICON_NAME = AppIcon;
				ASSETCATALOG_COMPILER_GLOBAL_ACCENT_COLOR_NAME = AccentColor;
				CODE_SIGN_STYLE = Automatic;
				DEVELOPMENT_TEAM = HHBB8RSDC3;
				INFOPLIST_FILE = AppBuildOneRedo/Info.plist;
				LD_RUNPATH_SEARCH_PATHS = (
					"$(inherited)",
					"@executable_path/Frameworks",
				);
				PRODUCT_BUNDLE_IDENTIFIER = uhwo.AppBuildOneRedo;
				PRODUCT_NAME = "$(TARGET_NAME)";
				SWIFT_VERSION = 5.0;
				TARGETED_DEVICE_FAMILY = "1,2";
			};
			name = Release;
		};
		7D9FC44925DA03F800DD79E7 /* Debug */ = {
			isa = XCBuildConfiguration;
			buildSettings = {
				ALWAYS_EMBED_SWIFT_STANDARD_LIBRARIES = YES;
				BUNDLE_LOADER = "$(TEST_HOST)";
				CODE_SIGN_STYLE = Automatic;
				DEVELOPMENT_TEAM = HHBB8RSDC3;
				INFOPLIST_FILE = AppBuildOneRedoTests/Info.plist;
				IPHONEOS_DEPLOYMENT_TARGET = 14.4;
				LD_RUNPATH_SEARCH_PATHS = (
					"$(inherited)",
					"@executable_path/Frameworks",
					"@loader_path/Frameworks",
				);
				PRODUCT_BUNDLE_IDENTIFIER = uhwo.AppBuildOneRedoTests;
				PRODUCT_NAME = "$(TARGET_NAME)";
				SWIFT_VERSION = 5.0;
				TARGETED_DEVICE_FAMILY = "1,2";
				TEST_HOST = "$(BUILT_PRODUCTS_DIR)/AppBuildOneRedo.app/AppBuildOneRedo";
			};
			name = Debug;
		};
		7D9FC44A25DA03F800DD79E7 /* Release */ = {
			isa = XCBuildConfiguration;
			buildSettings = {
				ALWAYS_EMBED_SWIFT_STANDARD_LIBRARIES = YES;
				BUNDLE_LOADER = "$(TEST_HOST)";
				CODE_SIGN_STYLE = Automatic;
				DEVELOPMENT_TEAM = HHBB8RSDC3;
				INFOPLIST_FILE = AppBuildOneRedoTests/Info.plist;
				IPHONEOS_DEPLOYMENT_TARGET = 14.4;
				LD_RUNPATH_SEARCH_PATHS = (
					"$(inherited)",
					"@executable_path/Frameworks",
					"@loader_path/Frameworks",
				);
				PRODUCT_BUNDLE_IDENTIFIER = uhwo.AppBuildOneRedoTests;
				PRODUCT_NAME = "$(TARGET_NAME)";
				SWIFT_VERSION = 5.0;
				TARGETED_DEVICE_FAMILY = "1,2";
				TEST_HOST = "$(BUILT_PRODUCTS_DIR)/AppBuildOneRedo.app/AppBuildOneRedo";
			};
			name = Release;
		};
		7D9FC44C25DA03F800DD79E7 /* Debug */ = {
			isa = XCBuildConfiguration;
			buildSettings = {
				ALWAYS_EMBED_SWIFT_STANDARD_LIBRARIES = YES;
				CODE_SIGN_STYLE = Automatic;
				DEVELOPMENT_TEAM = HHBB8RSDC3;
				INFOPLIST_FILE = AppBuildOneRedoUITests/Info.plist;
				LD_RUNPATH_SEARCH_PATHS = (
					"$(inherited)",
					"@executable_path/Frameworks",
					"@loader_path/Frameworks",
				);
				PRODUCT_BUNDLE_IDENTIFIER = uhwo.AppBuildOneRedoUITests;
				PRODUCT_NAME = "$(TARGET_NAME)";
				SWIFT_VERSION = 5.0;
				TARGETED_DEVICE_FAMILY = "1,2";
				TEST_TARGET_NAME = AppBuildOneRedo;
			};
			name = Debug;
		};
		7D9FC44D25DA03F800DD79E7 /* Release */ = {
			isa = XCBuildConfiguration;
			buildSettings = {
				ALWAYS_EMBED_SWIFT_STANDARD_LIBRARIES = YES;
				CODE_SIGN_STYLE = Automatic;
				DEVELOPMENT_TEAM = HHBB8RSDC3;
				INFOPLIST_FILE = AppBuildOneRedoUITests/Info.plist;
				LD_RUNPATH_SEARCH_PATHS = (
					"$(inherited)",
					"@executable_path/Frameworks",
					"@loader_path/Frameworks",
				);
				PRODUCT_BUNDLE_IDENTIFIER = uhwo.AppBuildOneRedoUITests;
				PRODUCT_NAME = "$(TARGET_NAME)";
				SWIFT_VERSION = 5.0;
				TARGETED_DEVICE_FAMILY = "1,2";
				TEST_TARGET_NAME = AppBuildOneRedo;
			};
			name = Release;
		};
/* End XCBuildConfiguration section */

/* Begin XCConfigurationList section */
		7D9FC41625DA03F600DD79E7 /* Build configuration list for PBXProject "AppBuildOneRedo" */ = {
			isa = XCConfigurationList;
			buildConfigurations = (
				7D9FC44325DA03F800DD79E7 /* Debug */,
				7D9FC44425DA03F800DD79E7 /* Release */,
			);
			defaultConfigurationIsVisible = 0;
			defaultConfigurationName = Release;
		};
		7D9FC44525DA03F800DD79E7 /* Build configuration list for PBXNativeTarget "AppBuildOneRedo" */ = {
			isa = XCConfigurationList;
			buildConfigurations = (
				7D9FC44625DA03F800DD79E7 /* Debug */,
				7D9FC44725DA03F800DD79E7 /* Release */,
			);
			defaultConfigurationIsVisible = 0;
			defaultConfigurationName = Release;
		};
		7D9FC44825DA03F800DD79E7 /* Build configuration list for PBXNativeTarget "AppBuildOneRedoTests" */ = {
			isa = XCConfigurationList;
			buildConfigurations = (
				7D9FC44925DA03F800DD79E7 /* Debug */,
				7D9FC44A25DA03F800DD79E7 /* Release */,
			);
			defaultConfigurationIsVisible = 0;
			defaultConfigurationName = Release;
		};
		7D9FC44B25DA03F800DD79E7 /* Build configuration list for PBXNativeTarget "AppBuildOneRedoUITests" */ = {
			isa = XCConfigurationList;
			buildConfigurations = (
				7D9FC44C25DA03F800DD79E7 /* Debug */,
				7D9FC44D25DA03F800DD79E7 /* Release */,
			);
			defaultConfigurationIsVisible = 0;
			defaultConfigurationName = Release;
		};
/* End XCConfigurationList section */
	};
	rootObject = 7D9FC41325DA03F600DD79E7 /* Project object */;
}
